// !$*UTF8*$!
{
	archiveVersion = 1;
	classes = {
	};
	objectVersion = 77;
	objects = {

/* Begin PBXBuildFile section */
		7DEF72B12D3694170070C11C /* FirebaseAnalytics in Frameworks */ = {isa = PBXBuildFile; productRef = 7DEF72B02D3694170070C11C /* FirebaseAnalytics */; };
		7DEF72B32D3694170070C11C /* FirebaseAnalyticsWithoutAdIdSupport in Frameworks */ = {isa = PBXBuildFile; productRef = 7DEF72B22D3694170070C11C /* FirebaseAnalyticsWithoutAdIdSupport */; };
		7DEF72B52D3694170070C11C /* FirebaseCore in Frameworks */ = {isa = PBXBuildFile; productRef = 7DEF72B42D3694170070C11C /* FirebaseCore */; };
		7DEF72B72D3694170070C11C /* FirebaseDatabase in Frameworks */ = {isa = PBXBuildFile; productRef = 7DEF72B62D3694170070C11C /* FirebaseDatabase */; };
		7DEF72B92D3694170070C11C /* FirebaseFirestore in Frameworks */ = {isa = PBXBuildFile; productRef = 7DEF72B82D3694170070C11C /* FirebaseFirestore */; };
/* End PBXBuildFile section */

/* Begin PBXContainerItemProxy section */
		7D7990762D36863F004E48D6 /* PBXContainerItemProxy */ = {
			isa = PBXContainerItemProxy;
			containerPortal = 7D7990582D36863E004E48D6 /* Project object */;
			proxyType = 1;
			remoteGlobalIDString = 7D79905F2D36863E004E48D6;
			remoteInfo = ToDoSocial;
		};
		7D7990802D36863F004E48D6 /* PBXContainerItemProxy */ = {
			isa = PBXContainerItemProxy;
			containerPortal = 7D7990582D36863E004E48D6 /* Project object */;
			proxyType = 1;
			remoteGlobalIDString = 7D79905F2D36863E004E48D6;
			remoteInfo = ToDoSocial;
		};
/* End PBXContainerItemProxy section */

/* Begin PBXFileReference section */
		7D7990602D36863E004E48D6 /* ToDoSocial.app */ = {isa = PBXFileReference; explicitFileType = wrapper.application; includeInIndex = 0; path = ToDoSocial.app; sourceTree = BUILT_PRODUCTS_DIR; };
		7D7990752D36863F004E48D6 /* ToDoSocialTests.xctest */ = {isa = PBXFileReference; explicitFileType = wrapper.cfbundle; includeInIndex = 0; path = ToDoSocialTests.xctest; sourceTree = BUILT_PRODUCTS_DIR; };
		7D79907F2D36863F004E48D6 /* ToDoSocialUITests.xctest */ = {isa = PBXFileReference; explicitFileType = wrapper.cfbundle; includeInIndex = 0; path = ToDoSocialUITests.xctest; sourceTree = BUILT_PRODUCTS_DIR; };
/* End PBXFileReference section */

/* Begin PBXFileSystemSynchronizedBuildFileExceptionSet section */
		7DEF72912D368E540070C11C /* Exceptions for "Apps" folder in "ToDoSocial" target */ = {
			isa = PBXFileSystemSynchronizedBuildFileExceptionSet;
			membershipExceptions = (
				Backend/utils/logger.cpp,
				IOS/ToDoSocial/ToDoSocial.xcdatamodeld,
				IOS/ToDoSocialTests/ToDoSocialTests.swift,
				IOS/ToDoSocialUITests/ToDoSocialUITests.swift,
				IOS/ToDoSocialUITests/ToDoSocialUITestsLaunchTests.swift,
			);
			target = 7D79905F2D36863E004E48D6 /* ToDoSocial */;
		};
		7DEF72932D368E540070C11C /* Exceptions for "Apps" folder in "ToDoSocialTests" target */ = {
			isa = PBXFileSystemSynchronizedBuildFileExceptionSet;
			membershipExceptions = (
				IOS/ToDoSocialTests/ToDoSocialTests.swift,
			);
			target = 7D7990742D36863F004E48D6 /* ToDoSocialTests */;
		};
		7DEF72942D368E540070C11C /* Exceptions for "Apps" folder in "ToDoSocialUITests" target */ = {
			isa = PBXFileSystemSynchronizedBuildFileExceptionSet;
			membershipExceptions = (
				IOS/ToDoSocialUITests/ToDoSocialUITests.swift,
				IOS/ToDoSocialUITests/ToDoSocialUITestsLaunchTests.swift,
			);
			target = 7D79907E2D36863F004E48D6 /* ToDoSocialUITests */;
		};
/* End PBXFileSystemSynchronizedBuildFileExceptionSet section */

/* Begin PBXFileSystemSynchronizedGroupBuildPhaseMembershipExceptionSet section */
		7DEF72922D368E540070C11C /* Exceptions for "Apps" folder in "Compile Sources" phase from "ToDoSocial" target */ = {
			isa = PBXFileSystemSynchronizedGroupBuildPhaseMembershipExceptionSet;
			buildPhase = 7D79905C2D36863E004E48D6 /* Sources */;
			membershipExceptions = (
				IOS/ToDoSocial/ToDoSocial.xcdatamodeld,
			);
		};
		7DEF72FB2D3765000070C11C /* Exceptions for "Apps" folder in "Copy Bundle Resources" phase from "ToDoSocial" target */ = {
			isa = PBXFileSystemSynchronizedGroupBuildPhaseMembershipExceptionSet;
			buildPhase = 7D79905E2D36863E004E48D6 /* Resources */;
			membershipExceptions = (
				Backend/utils/logger.cpp,
			);
		};
/* End PBXFileSystemSynchronizedGroupBuildPhaseMembershipExceptionSet section */

/* Begin PBXFileSystemSynchronizedRootGroup section */
		7DEF72762D368E3A0070C11C /* Apps */ = {
			isa = PBXFileSystemSynchronizedRootGroup;
			exceptions = (
				7DEF72912D368E540070C11C /* Exceptions for "Apps" folder in "ToDoSocial" target */,
				7DEF72922D368E540070C11C /* Exceptions for "Apps" folder in "Compile Sources" phase from "ToDoSocial" target */,
				7DEF72FB2D3765000070C11C /* Exceptions for "Apps" folder in "Copy Bundle Resources" phase from "ToDoSocial" target */,
				7DEF72932D368E540070C11C /* Exceptions for "Apps" folder in "ToDoSocialTests" target */,
				7DEF72942D368E540070C11C /* Exceptions for "Apps" folder in "ToDoSocialUITests" target */,
			);
			path = Apps;
			sourceTree = "<group>";
		};
		7DEF72992D368FDA0070C11C /* Shared */ = {
			isa = PBXFileSystemSynchronizedRootGroup;
			path = Shared;
			sourceTree = "<group>";
		};
		7DEF729A2D368FDA0070C11C /* Docs */ = {
			isa = PBXFileSystemSynchronizedRootGroup;
			path = Docs;
			sourceTree = "<group>";
		};
		7DEF72A12D36912D0070C11C /* Tools */ = {
			isa = PBXFileSystemSynchronizedRootGroup;
			path = Tools;
			sourceTree = "<group>";
		};
/* End PBXFileSystemSynchronizedRootGroup section */

/* Begin PBXFrameworksBuildPhase section */
		7D79905D2D36863E004E48D6 /* Frameworks */ = {
			isa = PBXFrameworksBuildPhase;
			buildActionMask = 2147483647;
			files = (
				7DEF72B12D3694170070C11C /* FirebaseAnalytics in Frameworks */,
				7DEF72B52D3694170070C11C /* FirebaseCore in Frameworks */,
				7DEF72B72D3694170070C11C /* FirebaseDatabase in Frameworks */,
				7DEF72B92D3694170070C11C /* FirebaseFirestore in Frameworks */,
				7DEF72B32D3694170070C11C /* FirebaseAnalyticsWithoutAdIdSupport in Frameworks */,
			);
			runOnlyForDeploymentPostprocessing = 0;
		};
		7D7990722D36863F004E48D6 /* Frameworks */ = {
			isa = PBXFrameworksBuildPhase;
			buildActionMask = 2147483647;
			files = (
			);
			runOnlyForDeploymentPostprocessing = 0;
		};
		7D79907C2D36863F004E48D6 /* Frameworks */ = {
			isa = PBXFrameworksBuildPhase;
			buildActionMask = 2147483647;
			files = (
			);
			runOnlyForDeploymentPostprocessing = 0;
		};
/* End PBXFrameworksBuildPhase section */

/* Begin PBXGroup section */
		7D7990572D36863E004E48D6 = {
			isa = PBXGroup;
			children = (
				7DEF72762D368E3A0070C11C /* Apps */,
				7D7990612D36863E004E48D6 /* Products */,
				7DEF72992D368FDA0070C11C /* Shared */,
				7DEF72A12D36912D0070C11C /* Tools */,
				7DEF729A2D368FDA0070C11C /* Docs */,
			);
			sourceTree = "<group>";
		};
		7D7990612D36863E004E48D6 /* Products */ = {
			isa = PBXGroup;
			children = (
				7D7990602D36863E004E48D6 /* ToDoSocial.app */,
				7D7990752D36863F004E48D6 /* ToDoSocialTests.xctest */,
				7D79907F2D36863F004E48D6 /* ToDoSocialUITests.xctest */,
			);
			name = Products;
			sourceTree = "<group>";
		};
/* End PBXGroup section */

/* Begin PBXNativeTarget section */
		7D79905F2D36863E004E48D6 /* ToDoSocial */ = {
			isa = PBXNativeTarget;
			buildConfigurationList = 7D7990892D36863F004E48D6 /* Build configuration list for PBXNativeTarget "ToDoSocial" */;
			buildPhases = (
				7D79905C2D36863E004E48D6 /* Sources */,
				7D79905D2D36863E004E48D6 /* Frameworks */,
				7D79905E2D36863E004E48D6 /* Resources */,
			);
			buildRules = (
			);
			dependencies = (
			);
			fileSystemSynchronizedGroups = (
				7DEF72762D368E3A0070C11C /* Apps */,
				7DEF729A2D368FDA0070C11C /* Docs */,
				7DEF72A12D36912D0070C11C /* Tools */,
			);
			name = ToDoSocial;
			packageProductDependencies = (
				7DEF72B02D3694170070C11C /* FirebaseAnalytics */,
				7DEF72B22D3694170070C11C /* FirebaseAnalyticsWithoutAdIdSupport */,
				7DEF72B42D3694170070C11C /* FirebaseCore */,
				7DEF72B62D3694170070C11C /* FirebaseDatabase */,
				7DEF72B82D3694170070C11C /* FirebaseFirestore */,
			);
			productName = ToDoSocial;
			productReference = 7D7990602D36863E004E48D6 /* ToDoSocial.app */;
			productType = "com.apple.product-type.application";
		};
		7D7990742D36863F004E48D6 /* ToDoSocialTests */ = {
			isa = PBXNativeTarget;
			buildConfigurationList = 7D79908C2D36863F004E48D6 /* Build configuration list for PBXNativeTarget "ToDoSocialTests" */;
			buildPhases = (
				7D7990712D36863F004E48D6 /* Sources */,
				7D7990722D36863F004E48D6 /* Frameworks */,
				7D7990732D36863F004E48D6 /* Resources */,
			);
			buildRules = (
			);
			dependencies = (
				7D7990772D36863F004E48D6 /* PBXTargetDependency */,
			);
			name = ToDoSocialTests;
			packageProductDependencies = (
			);
			productName = ToDoSocialTests;
			productReference = 7D7990752D36863F004E48D6 /* ToDoSocialTests.xctest */;
			productType = "com.apple.product-type.bundle.unit-test";
		};
		7D79907E2D36863F004E48D6 /* ToDoSocialUITests */ = {
			isa = PBXNativeTarget;
			buildConfigurationList = 7D79908F2D36863F004E48D6 /* Build configuration list for PBXNativeTarget "ToDoSocialUITests" */;
			buildPhases = (
				7D79907B2D36863F004E48D6 /* Sources */,
				7D79907C2D36863F004E48D6 /* Frameworks */,
				7D79907D2D36863F004E48D6 /* Resources */,
			);
			buildRules = (
			);
			dependencies = (
				7D7990812D36863F004E48D6 /* PBXTargetDependency */,
			);
			name = ToDoSocialUITests;
			packageProductDependencies = (
			);
			productName = ToDoSocialUITests;
			productReference = 7D79907F2D36863F004E48D6 /* ToDoSocialUITests.xctest */;
			productType = "com.apple.product-type.bundle.ui-testing";
		};
/* End PBXNativeTarget section */

/* Begin PBXProject section */
		7D7990582D36863E004E48D6 /* Project object */ = {
			isa = PBXProject;
			attributes = {
				BuildIndependentTargetsInParallel = 1;
				LastSwiftUpdateCheck = 1620;
				LastUpgradeCheck = 1620;
				TargetAttributes = {
					7D79905F2D36863E004E48D6 = {
						CreatedOnToolsVersion = 16.2;
						LastSwiftMigration = 1620;
					};
					7D7990742D36863F004E48D6 = {
						CreatedOnToolsVersion = 16.2;
						TestTargetID = 7D79905F2D36863E004E48D6;
					};
					7D79907E2D36863F004E48D6 = {
						CreatedOnToolsVersion = 16.2;
						TestTargetID = 7D79905F2D36863E004E48D6;
					};
				};
			};
			buildConfigurationList = 7D79905B2D36863E004E48D6 /* Build configuration list for PBXProject "ToDoSocial" */;
			developmentRegion = en;
			hasScannedForEncodings = 0;
			knownRegions = (
				en,
				Base,
			);
			mainGroup = 7D7990572D36863E004E48D6;
			minimizedProjectReferenceProxies = 1;
			packageReferences = (
				7DEF72AF2D3694170070C11C /* XCRemoteSwiftPackageReference "firebase-ios-sdk" */,
			);
			preferredProjectObjectVersion = 77;
			productRefGroup = 7D7990612D36863E004E48D6 /* Products */;
			projectDirPath = "";
			projectRoot = "";
			targets = (
				7D79905F2D36863E004E48D6 /* ToDoSocial */,
				7D7990742D36863F004E48D6 /* ToDoSocialTests */,
				7D79907E2D36863F004E48D6 /* ToDoSocialUITests */,
			);
		};
/* End PBXProject section */

/* Begin PBXResourcesBuildPhase section */
		7D79905E2D36863E004E48D6 /* Resources */ = {
			isa = PBXResourcesBuildPhase;
			buildActionMask = 2147483647;
			files = (
			);
			runOnlyForDeploymentPostprocessing = 0;
		};
		7D7990732D36863F004E48D6 /* Resources */ = {
			isa = PBXResourcesBuildPhase;
			buildActionMask = 2147483647;
			files = (
			);
			runOnlyForDeploymentPostprocessing = 0;
		};
		7D79907D2D36863F004E48D6 /* Resources */ = {
			isa = PBXResourcesBuildPhase;
			buildActionMask = 2147483647;
			files = (
			);
			runOnlyForDeploymentPostprocessing = 0;
		};
/* End PBXResourcesBuildPhase section */

/* Begin PBXSourcesBuildPhase section */
		7D79905C2D36863E004E48D6 /* Sources */ = {
			isa = PBXSourcesBuildPhase;
			buildActionMask = 2147483647;
			files = (
			);
			runOnlyForDeploymentPostprocessing = 0;
		};
		7D7990712D36863F004E48D6 /* Sources */ = {
			isa = PBXSourcesBuildPhase;
			buildActionMask = 2147483647;
			files = (
			);
			runOnlyForDeploymentPostprocessing = 0;
		};
		7D79907B2D36863F004E48D6 /* Sources */ = {
			isa = PBXSourcesBuildPhase;
			buildActionMask = 2147483647;
			files = (
			);
			runOnlyForDeploymentPostprocessing = 0;
		};
/* End PBXSourcesBuildPhase section */

/* Begin PBXTargetDependency section */
		7D7990772D36863F004E48D6 /* PBXTargetDependency */ = {
			isa = PBXTargetDependency;
			target = 7D79905F2D36863E004E48D6 /* ToDoSocial */;
			targetProxy = 7D7990762D36863F004E48D6 /* PBXContainerItemProxy */;
		};
		7D7990812D36863F004E48D6 /* PBXTargetDependency */ = {
			isa = PBXTargetDependency;
			target = 7D79905F2D36863E004E48D6 /* ToDoSocial */;
			targetProxy = 7D7990802D36863F004E48D6 /* PBXContainerItemProxy */;
		};
/* End PBXTargetDependency section */

/* Begin XCBuildConfiguration section */
		7D7990872D36863F004E48D6 /* Debug */ = {
			isa = XCBuildConfiguration;
			buildSettings = {
				ALWAYS_SEARCH_USER_PATHS = NO;
				ASSETCATALOG_COMPILER_GENERATE_SWIFT_ASSET_SYMBOL_EXTENSIONS = YES;
				CLANG_ANALYZER_NONNULL = YES;
				CLANG_ANALYZER_NUMBER_OBJECT_CONVERSION = YES_AGGRESSIVE;
				CLANG_CXX_LANGUAGE_STANDARD = "gnu++20";
				CLANG_ENABLE_MODULES = YES;
				CLANG_ENABLE_OBJC_ARC = YES;
				CLANG_ENABLE_OBJC_WEAK = YES;
				CLANG_WARN_BLOCK_CAPTURE_AUTORELEASING = YES;
				CLANG_WARN_BOOL_CONVERSION = YES;
				CLANG_WARN_COMMA = YES;
				CLANG_WARN_CONSTANT_CONVERSION = YES;
				CLANG_WARN_DEPRECATED_OBJC_IMPLEMENTATIONS = YES;
				CLANG_WARN_DIRECT_OBJC_ISA_USAGE = YES_ERROR;
				CLANG_WARN_DOCUMENTATION_COMMENTS = YES;
				CLANG_WARN_EMPTY_BODY = YES;
				CLANG_WARN_ENUM_CONVERSION = YES;
				CLANG_WARN_INFINITE_RECURSION = YES;
				CLANG_WARN_INT_CONVERSION = YES;
				CLANG_WARN_NON_LITERAL_NULL_CONVERSION = YES;
				CLANG_WARN_OBJC_IMPLICIT_RETAIN_SELF = YES;
				CLANG_WARN_OBJC_LITERAL_CONVERSION = YES;
				CLANG_WARN_OBJC_ROOT_CLASS = YES_ERROR;
				CLANG_WARN_QUOTED_INCLUDE_IN_FRAMEWORK_HEADER = YES;
				CLANG_WARN_RANGE_LOOP_ANALYSIS = YES;
				CLANG_WARN_STRICT_PROTOTYPES = YES;
				CLANG_WARN_SUSPICIOUS_MOVE = YES;
				CLANG_WARN_UNGUARDED_AVAILABILITY = YES_AGGRESSIVE;
				CLANG_WARN_UNREACHABLE_CODE = YES;
				CLANG_WARN__DUPLICATE_METHOD_MATCH = YES;
				COPY_PHASE_STRIP = NO;
				DEBUG_INFORMATION_FORMAT = dwarf;
				ENABLE_STRICT_OBJC_MSGSEND = YES;
				ENABLE_TESTABILITY = YES;
				ENABLE_USER_SCRIPT_SANDBOXING = YES;
				GCC_C_LANGUAGE_STANDARD = gnu17;
				GCC_DYNAMIC_NO_PIC = NO;
				GCC_NO_COMMON_BLOCKS = YES;
				GCC_OPTIMIZATION_LEVEL = 0;
				GCC_PREPROCESSOR_DEFINITIONS = (
					"DEBUG=1",
					"$(inherited)",
				);
				GCC_WARN_64_TO_32_BIT_CONVERSION = YES;
				GCC_WARN_ABOUT_RETURN_TYPE = YES_ERROR;
				GCC_WARN_UNDECLARED_SELECTOR = YES;
				GCC_WARN_UNINITIALIZED_AUTOS = YES_AGGRESSIVE;
				GCC_WARN_UNUSED_FUNCTION = YES;
				GCC_WARN_UNUSED_VARIABLE = YES;
				IPHONEOS_DEPLOYMENT_TARGET = 18.2;
				LOCALIZATION_PREFERS_STRING_CATALOGS = YES;
				MTL_ENABLE_DEBUG_INFO = INCLUDE_SOURCE;
				MTL_FAST_MATH = YES;
				ONLY_ACTIVE_ARCH = YES;
				SDKROOT = iphoneos;
				SWIFT_ACTIVE_COMPILATION_CONDITIONS = "DEBUG $(inherited)";
				SWIFT_OPTIMIZATION_LEVEL = "-Onone";
			};
			name = Debug;
		};
		7D7990882D36863F004E48D6 /* Release */ = {
			isa = XCBuildConfiguration;
			buildSettings = {
				ALWAYS_SEARCH_USER_PATHS = NO;
				ASSETCATALOG_COMPILER_GENERATE_SWIFT_ASSET_SYMBOL_EXTENSIONS = YES;
				CLANG_ANALYZER_NONNULL = YES;
				CLANG_ANALYZER_NUMBER_OBJECT_CONVERSION = YES_AGGRESSIVE;
				CLANG_CXX_LANGUAGE_STANDARD = "gnu++20";
				CLANG_ENABLE_MODULES = YES;
				CLANG_ENABLE_OBJC_ARC = YES;
				CLANG_ENABLE_OBJC_WEAK = YES;
				CLANG_WARN_BLOCK_CAPTURE_AUTORELEASING = YES;
				CLANG_WARN_BOOL_CONVERSION = YES;
				CLANG_WARN_COMMA = YES;
				CLANG_WARN_CONSTANT_CONVERSION = YES;
				CLANG_WARN_DEPRECATED_OBJC_IMPLEMENTATIONS = YES;
				CLANG_WARN_DIRECT_OBJC_ISA_USAGE = YES_ERROR;
				CLANG_WARN_DOCUMENTATION_COMMENTS = YES;
				CLANG_WARN_EMPTY_BODY = YES;
				CLANG_WARN_ENUM_CONVERSION = YES;
				CLANG_WARN_INFINITE_RECURSION = YES;
				CLANG_WARN_INT_CONVERSION = YES;
				CLANG_WARN_NON_LITERAL_NULL_CONVERSION = YES;
				CLANG_WARN_OBJC_IMPLICIT_RETAIN_SELF = YES;
				CLANG_WARN_OBJC_LITERAL_CONVERSION = YES;
				CLANG_WARN_OBJC_ROOT_CLASS = YES_ERROR;
				CLANG_WARN_QUOTED_INCLUDE_IN_FRAMEWORK_HEADER = YES;
				CLANG_WARN_RANGE_LOOP_ANALYSIS = YES;
				CLANG_WARN_STRICT_PROTOTYPES = YES;
				CLANG_WARN_SUSPICIOUS_MOVE = YES;
				CLANG_WARN_UNGUARDED_AVAILABILITY = YES_AGGRESSIVE;
				CLANG_WARN_UNREACHABLE_CODE = YES;
				CLANG_WARN__DUPLICATE_METHOD_MATCH = YES;
				COPY_PHASE_STRIP = NO;
				DEBUG_INFORMATION_FORMAT = "dwarf-with-dsym";
				ENABLE_NS_ASSERTIONS = NO;
				ENABLE_STRICT_OBJC_MSGSEND = YES;
				ENABLE_USER_SCRIPT_SANDBOXING = YES;
				GCC_C_LANGUAGE_STANDARD = gnu17;
				GCC_NO_COMMON_BLOCKS = YES;
				GCC_WARN_64_TO_32_BIT_CONVERSION = YES;
				GCC_WARN_ABOUT_RETURN_TYPE = YES_ERROR;
				GCC_WARN_UNDECLARED_SELECTOR = YES;
				GCC_WARN_UNINITIALIZED_AUTOS = YES_AGGRESSIVE;
				GCC_WARN_UNUSED_FUNCTION = YES;
				GCC_WARN_UNUSED_VARIABLE = YES;
				IPHONEOS_DEPLOYMENT_TARGET = 18.2;
				LOCALIZATION_PREFERS_STRING_CATALOGS = YES;
				MTL_ENABLE_DEBUG_INFO = NO;
				MTL_FAST_MATH = YES;
				SDKROOT = iphoneos;
				SWIFT_COMPILATION_MODE = wholemodule;
				VALIDATE_PRODUCT = YES;
			};
			name = Release;
		};
		7D79908A2D36863F004E48D6 /* Debug */ = {
			isa = XCBuildConfiguration;
			buildSettings = {
				ASSETCATALOG_COMPILER_APPICON_NAME = AppIcon;
				ASSETCATALOG_COMPILER_GLOBAL_ACCENT_COLOR_NAME = AccentColor;
				CLANG_ENABLE_MODULES = YES;
				CODE_SIGN_STYLE = Automatic;
				CURRENT_PROJECT_VERSION = 1;
				DEVELOPMENT_ASSET_PATHS = "\"$(SRCROOT)/Apps/IOS/ToDoSocial/Preview Content/Preview Assets.xcassets\"";
				DEVELOPMENT_TEAM = FM5UA69R37;
				ENABLE_PREVIEWS = YES;
				GENERATE_INFOPLIST_FILE = YES;
				HEADER_SEARCH_PATHS = (
					"/opt/homebrew/Cellar/curl/8.11.1/include/**",
					"/opt/homebrew/opt/openssl/include/**",
					/opt/homebrew/include,
				);
				INFOPLIST_KEY_UIApplicationSceneManifest_Generation = YES;
				INFOPLIST_KEY_UIApplicationSupportsIndirectInputEvents = YES;
				INFOPLIST_KEY_UILaunchScreen_Generation = YES;
				INFOPLIST_KEY_UISupportedInterfaceOrientations_iPad = "UIInterfaceOrientationPortrait UIInterfaceOrientationPortraitUpsideDown UIInterfaceOrientationLandscapeLeft UIInterfaceOrientationLandscapeRight";
				INFOPLIST_KEY_UISupportedInterfaceOrientations_iPhone = "UIInterfaceOrientationPortrait UIInterfaceOrientationLandscapeLeft UIInterfaceOrientationLandscapeRight";
				LD_RUNPATH_SEARCH_PATHS = (
					"$(inherited)",
					"@executable_path/Frameworks",
				);
				MARKETING_VERSION = 1.0;
				PRODUCT_BUNDLE_IDENTIFIER = Kekwaker.ToDoSocial;
				PRODUCT_NAME = "$(TARGET_NAME)";
				SWIFT_EMIT_LOC_STRINGS = YES;
				SWIFT_OBJC_BRIDGING_HEADER = "Apps/Backend/ToDoSocial-Bridging-Header.h";
				SWIFT_OPTIMIZATION_LEVEL = "-Onone";
				SWIFT_VERSION = 5.0;
				TARGETED_DEVICE_FAMILY = "1,2";
			};
			name = Debug;
		};
		7D79908B2D36863F004E48D6 /* Release */ = {
			isa = XCBuildConfiguration;
			buildSettings = {
				ASSETCATALOG_COMPILER_APPICON_NAME = AppIcon;
				ASSETCATALOG_COMPILER_GLOBAL_ACCENT_COLOR_NAME = AccentColor;
				CLANG_ENABLE_MODULES = YES;
				CODE_SIGN_STYLE = Automatic;
				CURRENT_PROJECT_VERSION = 1;
				DEVELOPMENT_ASSET_PATHS = "\"$(SRCROOT)/Apps/IOS/ToDoSocial/Preview Content/Preview Assets.xcassets\"";
				DEVELOPMENT_TEAM = FM5UA69R37;
				ENABLE_PREVIEWS = YES;
				GENERATE_INFOPLIST_FILE = YES;
				HEADER_SEARCH_PATHS = (
					"/opt/homebrew/Cellar/curl/8.11.1/include/**",
					"/opt/homebrew/opt/openssl/include/**",
					/opt/homebrew/include,
				);
				INFOPLIST_KEY_UIApplicationSceneManifest_Generation = YES;
				INFOPLIST_KEY_UIApplicationSupportsIndirectInputEvents = YES;
				INFOPLIST_KEY_UILaunchScreen_Generation = YES;
				INFOPLIST_KEY_UISupportedInterfaceOrientations_iPad = "UIInterfaceOrientationPortrait UIInterfaceOrientationPortraitUpsideDown UIInterfaceOrientationLandscapeLeft UIInterfaceOrientationLandscapeRight";
				INFOPLIST_KEY_UISupportedInterfaceOrientations_iPhone = "UIInterfaceOrientationPortrait UIInterfaceOrientationLandscapeLeft UIInterfaceOrientationLandscapeRight";
				LD_RUNPATH_SEARCH_PATHS = (
					"$(inherited)",
					"@executable_path/Frameworks",
				);
				MARKETING_VERSION = 1.0;
				PRODUCT_BUNDLE_IDENTIFIER = Kekwaker.ToDoSocial;
				PRODUCT_NAME = "$(TARGET_NAME)";
				SWIFT_EMIT_LOC_STRINGS = YES;
				SWIFT_OBJC_BRIDGING_HEADER = "Apps/Backend/ToDoSocial-Bridging-Header.h";
				SWIFT_VERSION = 5.0;
				TARGETED_DEVICE_FAMILY = "1,2";
			};
			name = Release;
		};
		7D79908D2D36863F004E48D6 /* Debug */ = {
			isa = XCBuildConfiguration;
			buildSettings = {
				BUNDLE_LOADER = "$(TEST_HOST)";
				CODE_SIGN_STYLE = Automatic;
				CURRENT_PROJECT_VERSION = 1;
				DEVELOPMENT_TEAM = FM5UA69R37;
				GENERATE_INFOPLIST_FILE = YES;
				IPHONEOS_DEPLOYMENT_TARGET = 18.2;
				MARKETING_VERSION = 1.0;
				PRODUCT_BUNDLE_IDENTIFIER = Kekwaker.ToDoSocialTests;
				PRODUCT_NAME = "$(TARGET_NAME)";
				SWIFT_EMIT_LOC_STRINGS = NO;
				SWIFT_VERSION = 5.0;
				TARGETED_DEVICE_FAMILY = "1,2";
				TEST_HOST = "$(BUILT_PRODUCTS_DIR)/ToDoSocial.app/$(BUNDLE_EXECUTABLE_FOLDER_PATH)/ToDoSocial";
			};
			name = Debug;
		};
		7D79908E2D36863F004E48D6 /* Release */ = {
			isa = XCBuildConfiguration;
			buildSettings = {
				BUNDLE_LOADER = "$(TEST_HOST)";
				CODE_SIGN_STYLE = Automatic;
				CURRENT_PROJECT_VERSION = 1;
				DEVELOPMENT_TEAM = FM5UA69R37;
				GENERATE_INFOPLIST_FILE = YES;
				IPHONEOS_DEPLOYMENT_TARGET = 18.2;
				MARKETING_VERSION = 1.0;
				PRODUCT_BUNDLE_IDENTIFIER = Kekwaker.ToDoSocialTests;
				PRODUCT_NAME = "$(TARGET_NAME)";
				SWIFT_EMIT_LOC_STRINGS = NO;
				SWIFT_VERSION = 5.0;
				TARGETED_DEVICE_FAMILY = "1,2";
				TEST_HOST = "$(BUILT_PRODUCTS_DIR)/ToDoSocial.app/$(BUNDLE_EXECUTABLE_FOLDER_PATH)/ToDoSocial";
			};
			name = Release;
		};
		7D7990902D36863F004E48D6 /* Debug */ = {
			isa = XCBuildConfiguration;
			buildSettings = {
				CODE_SIGN_STYLE = Automatic;
				CURRENT_PROJECT_VERSION = 1;
				DEVELOPMENT_TEAM = FM5UA69R37;
				GENERATE_INFOPLIST_FILE = YES;
				MARKETING_VERSION = 1.0;
				PRODUCT_BUNDLE_IDENTIFIER = Kekwaker.ToDoSocialUITests;
				PRODUCT_NAME = "$(TARGET_NAME)";
				SWIFT_EMIT_LOC_STRINGS = NO;
				SWIFT_VERSION = 5.0;
				TARGETED_DEVICE_FAMILY = "1,2";
				TEST_TARGET_NAME = ToDoSocial;
			};
			name = Debug;
		};
		7D7990912D36863F004E48D6 /* Release */ = {
			isa = XCBuildConfiguration;
			buildSettings = {
				CODE_SIGN_STYLE = Automatic;
				CURRENT_PROJECT_VERSION = 1;
				DEVELOPMENT_TEAM = FM5UA69R37;
				GENERATE_INFOPLIST_FILE = YES;
				MARKETING_VERSION = 1.0;
				PRODUCT_BUNDLE_IDENTIFIER = Kekwaker.ToDoSocialUITests;
				PRODUCT_NAME = "$(TARGET_NAME)";
				SWIFT_EMIT_LOC_STRINGS = NO;
				SWIFT_VERSION = 5.0;
				TARGETED_DEVICE_FAMILY = "1,2";
				TEST_TARGET_NAME = ToDoSocial;
			};
			name = Release;
		};
/* End XCBuildConfiguration section */

/* Begin XCConfigurationList section */
		7D79905B2D36863E004E48D6 /* Build configuration list for PBXProject "ToDoSocial" */ = {
			isa = XCConfigurationList;
			buildConfigurations = (
				7D7990872D36863F004E48D6 /* Debug */,
				7D7990882D36863F004E48D6 /* Release */,
			);
			defaultConfigurationIsVisible = 0;
			defaultConfigurationName = Release;
		};
		7D7990892D36863F004E48D6 /* Build configuration list for PBXNativeTarget "ToDoSocial" */ = {
			isa = XCConfigurationList;
			buildConfigurations = (
				7D79908A2D36863F004E48D6 /* Debug */,
				7D79908B2D36863F004E48D6 /* Release */,
			);
			defaultConfigurationIsVisible = 0;
			defaultConfigurationName = Release;
		};
		7D79908C2D36863F004E48D6 /* Build configuration list for PBXNativeTarget "ToDoSocialTests" */ = {
			isa = XCConfigurationList;
			buildConfigurations = (
				7D79908D2D36863F004E48D6 /* Debug */,
				7D79908E2D36863F004E48D6 /* Release */,
			);
			defaultConfigurationIsVisible = 0;
			defaultConfigurationName = Release;
		};
		7D79908F2D36863F004E48D6 /* Build configuration list for PBXNativeTarget "ToDoSocialUITests" */ = {
			isa = XCConfigurationList;
			buildConfigurations = (
				7D7990902D36863F004E48D6 /* Debug */,
				7D7990912D36863F004E48D6 /* Release */,
			);
			defaultConfigurationIsVisible = 0;
			defaultConfigurationName = Release;
		};
/* End XCConfigurationList section */

/* Begin XCRemoteSwiftPackageReference section */
		7DEF72AF2D3694170070C11C /* XCRemoteSwiftPackageReference "firebase-ios-sdk" */ = {
			isa = XCRemoteSwiftPackageReference;
			repositoryURL = "https://github.com/firebase/firebase-ios-sdk";
			requirement = {
				kind = upToNextMajorVersion;
				minimumVersion = 11.7.0;
			};
		};
/* End XCRemoteSwiftPackageReference section */

/* Begin XCSwiftPackageProductDependency section */
		7DEF72B02D3694170070C11C /* FirebaseAnalytics */ = {
			isa = XCSwiftPackageProductDependency;
			package = 7DEF72AF2D3694170070C11C /* XCRemoteSwiftPackageReference "firebase-ios-sdk" */;
			productName = FirebaseAnalytics;
		};
		7DEF72B22D3694170070C11C /* FirebaseAnalyticsWithoutAdIdSupport */ = {
			isa = XCSwiftPackageProductDependency;
			package = 7DEF72AF2D3694170070C11C /* XCRemoteSwiftPackageReference "firebase-ios-sdk" */;
			productName = FirebaseAnalyticsWithoutAdIdSupport;
		};
		7DEF72B42D3694170070C11C /* FirebaseCore */ = {
			isa = XCSwiftPackageProductDependency;
			package = 7DEF72AF2D3694170070C11C /* XCRemoteSwiftPackageReference "firebase-ios-sdk" */;
			productName = FirebaseCore;
		};
		7DEF72B62D3694170070C11C /* FirebaseDatabase */ = {
			isa = XCSwiftPackageProductDependency;
			package = 7DEF72AF2D3694170070C11C /* XCRemoteSwiftPackageReference "firebase-ios-sdk" */;
			productName = FirebaseDatabase;
		};
		7DEF72B82D3694170070C11C /* FirebaseFirestore */ = {
			isa = XCSwiftPackageProductDependency;
			package = 7DEF72AF2D3694170070C11C /* XCRemoteSwiftPackageReference "firebase-ios-sdk" */;
			productName = FirebaseFirestore;
		};
/* End XCSwiftPackageProductDependency section */
	};
	rootObject = 7D7990582D36863E004E48D6 /* Project object */;
}
